
Microsoft Visual Studio Solution File, Format Version 12.00
# Visual Studio Version 17
VisualStudioVersion = 17.5.33516.290
MinimumVisualStudioVersion = 10.0.40219.1
Project("{FAE04EC0-301F-11D3-BF4B-00C04F79EFBC}") = "Exercise01PritingValues", "Exercise01PritingValues\Exercise01PritingValues.csproj", "{AA28A96E-C00D-4547-A461-BF592C864BAC}"
EndProject
Global
	GlobalSection(SolutionConfigurationPlatforms) = preSolution
		Debug|Any CPU = Debug|Any CPU
		Release|Any CPU = Release|Any CPU
	EndGlobalSection
	GlobalSection(ProjectConfigurationPlatforms) = postSolution
		{AA28A96E-C00D-4547-A461-BF592C864BAC}.Debug|Any CPU.ActiveCfg = Debug|Any CPU
		{AA28A96E-C00D-4547-A461-BF592C864BAC}.Debug|Any CPU.Build.0 = Debug|Any CPU
		{AA28A96E-C00D-4547-A461-BF592C864BAC}.Release|Any CPU.ActiveCfg = Release|Any CPU
		{AA28A96E-C00D-4547-A461-BF592C864BAC}.Release|Any CPU.Build.0 = Release|Any CPU
	EndGlobalSection
	GlobalSection(SolutionProperties) = preSolution
		HideSolutionNode = FALSE
	EndGlobalSection
	GlobalSection(ExtensibilityGlobals) = postSolution
		SolutionGuid = {6BDEEC6B-81E7-4DC5-A4C9-FD5B181B9CDE}
	EndGlobalSection
EndGlobal
